
Microsoft Visual Studio Solution File, Format Version 12.00
# Visual Studio Version 17
VisualStudioVersion = 17.1.32228.430
MinimumVisualStudioVersion = 10.0.40219.1
Project("{FAE04EC0-301F-11D3-BF4B-00C04F79EFBC}") = "Day2", "Day2.csproj", "{0DE1295C-E281-4482-8882-C6D893C8600E}"
EndProject
Global
	GlobalSection(SolutionConfigurationPlatforms) = preSolution
		Debug|Any CPU = Debug|Any CPU
		Release|Any CPU = Release|Any CPU
	EndGlobalSection
	GlobalSection(ProjectConfigurationPlatforms) = postSolution
		{0DE1295C-E281-4482-8882-C6D893C8600E}.Debug|Any CPU.ActiveCfg = Debug|Any CPU
		{0DE1295C-E281-4482-8882-C6D893C8600E}.Debug|Any CPU.Build.0 = Debug|Any CPU
		{0DE1295C-E281-4482-8882-C6D893C8600E}.Release|Any CPU.ActiveCfg = Release|Any CPU
		{0DE1295C-E281-4482-8882-C6D893C8600E}.Release|Any CPU.Build.0 = Release|Any CPU
	EndGlobalSection
	GlobalSection(SolutionProperties) = preSolution
		HideSolutionNode = FALSE
	EndGlobalSection
	GlobalSection(ExtensibilityGlobals) = postSolution
		SolutionGuid = {6FA03E6E-BBB2-4A13-9817-516A4BE4B318}
	EndGlobalSection
EndGlobal
